
Microsoft Visual Studio Solution File, Format Version 12.00
# Visual Studio Version 16
VisualStudioVersion = 16.0.30804.86
MinimumVisualStudioVersion = 10.0.40219.1
Project("{FAE04EC0-301F-11D3-BF4B-00C04F79EFBC}") = "WebApiWithEFCore", "WebApiWithEFCore\WebApiWithEFCore.csproj", "{73380E8D-3D6E-4475-B543-FE4565ADF430}"
EndProject
Global
	GlobalSection(SolutionConfigurationPlatforms) = preSolution
		Debug|Any CPU = Debug|Any CPU
		Release|Any CPU = Release|Any CPU
	EndGlobalSection
	GlobalSection(ProjectConfigurationPlatforms) = postSolution
		{73380E8D-3D6E-4475-B543-FE4565ADF430}.Debug|Any CPU.ActiveCfg = Debug|Any CPU
		{73380E8D-3D6E-4475-B543-FE4565ADF430}.Debug|Any CPU.Build.0 = Debug|Any CPU
		{73380E8D-3D6E-4475-B543-FE4565ADF430}.Release|Any CPU.ActiveCfg = Release|Any CPU
		{73380E8D-3D6E-4475-B543-FE4565ADF430}.Release|Any CPU.Build.0 = Release|Any CPU
	EndGlobalSection
	GlobalSection(SolutionProperties) = preSolution
		HideSolutionNode = FALSE
	EndGlobalSection
	GlobalSection(ExtensibilityGlobals) = postSolution
		SolutionGuid = {0925DBF0-C426-432E-8855-7A2D96C138AD}
	EndGlobalSection
EndGlobal
